
Microsoft Visual Studio Solution File, Format Version 12.00
# Visual Studio Version 16
VisualStudioVersion = 16.0.32602.291
MinimumVisualStudioVersion = 10.0.40219.1
Project("{9A19103F-16F7-4668-BE54-9A1E7A4F7556}") = "TiendaServicios.api.Autor", "TiendaServicios.api.Autor\TiendaServicios.api.Autor.csproj", "{2CDB3564-897D-46CD-BBE7-A5855BB66210}"
EndProject
Project("{9A19103F-16F7-4668-BE54-9A1E7A4F7556}") = "TiendaServicios.Api.Libro", "TiendaServicios.Api.Libro\TiendaServicios.Api.Libro.csproj", "{928FA3A4-DD19-4F40-9CB8-D73FAB291A58}"
EndProject
Project("{9A19103F-16F7-4668-BE54-9A1E7A4F7556}") = "TiendaServicio.Api.CarritoCompraNew", "TiendaServicio.Api.CarritoCompraNew\TiendaServicio.Api.CarritoCompraNew.csproj", "{D530ADD8-E810-4EBE-ADDD-E3F48700752A}"
EndProject
Project("{FAE04EC0-301F-11D3-BF4B-00C04F79EFBC}") = "TiendaServicios.Api.Libro.Tests", "TiendaServicios.Api.Libro.Tests\TiendaServicios.Api.Libro.Tests.csproj", "{A0409C93-325C-4216-81FE-56A7B4EC2430}"
EndProject
Global
	GlobalSection(SolutionConfigurationPlatforms) = preSolution
		Debug|Any CPU = Debug|Any CPU
		Release|Any CPU = Release|Any CPU
	EndGlobalSection
	GlobalSection(ProjectConfigurationPlatforms) = postSolution
		{2CDB3564-897D-46CD-BBE7-A5855BB66210}.Debug|Any CPU.ActiveCfg = Debug|Any CPU
		{2CDB3564-897D-46CD-BBE7-A5855BB66210}.Debug|Any CPU.Build.0 = Debug|Any CPU
		{2CDB3564-897D-46CD-BBE7-A5855BB66210}.Release|Any CPU.ActiveCfg = Release|Any CPU
		{2CDB3564-897D-46CD-BBE7-A5855BB66210}.Release|Any CPU.Build.0 = Release|Any CPU
		{928FA3A4-DD19-4F40-9CB8-D73FAB291A58}.Debug|Any CPU.ActiveCfg = Debug|Any CPU
		{928FA3A4-DD19-4F40-9CB8-D73FAB291A58}.Debug|Any CPU.Build.0 = Debug|Any CPU
		{928FA3A4-DD19-4F40-9CB8-D73FAB291A58}.Release|Any CPU.ActiveCfg = Release|Any CPU
		{928FA3A4-DD19-4F40-9CB8-D73FAB291A58}.Release|Any CPU.Build.0 = Release|Any CPU
		{D530ADD8-E810-4EBE-ADDD-E3F48700752A}.Debug|Any CPU.ActiveCfg = Debug|Any CPU
		{D530ADD8-E810-4EBE-ADDD-E3F48700752A}.Debug|Any CPU.Build.0 = Debug|Any CPU
		{D530ADD8-E810-4EBE-ADDD-E3F48700752A}.Release|Any CPU.ActiveCfg = Release|Any CPU
		{D530ADD8-E810-4EBE-ADDD-E3F48700752A}.Release|Any CPU.Build.0 = Release|Any CPU
		{A0409C93-325C-4216-81FE-56A7B4EC2430}.Debug|Any CPU.ActiveCfg = Debug|Any CPU
		{A0409C93-325C-4216-81FE-56A7B4EC2430}.Debug|Any CPU.Build.0 = Debug|Any CPU
		{A0409C93-325C-4216-81FE-56A7B4EC2430}.Release|Any CPU.ActiveCfg = Release|Any CPU
		{A0409C93-325C-4216-81FE-56A7B4EC2430}.Release|Any CPU.Build.0 = Release|Any CPU
	EndGlobalSection
	GlobalSection(SolutionProperties) = preSolution
		HideSolutionNode = FALSE
	EndGlobalSection
	GlobalSection(ExtensibilityGlobals) = postSolution
		SolutionGuid = {594986A8-6598-459A-B0DE-04A9CDC5454E}
	EndGlobalSection
EndGlobal
